// !$*UTF8*$!
{
	archiveVersion = 1;
	classes = {
	};
	objectVersion = 63;
	objects = {

/* Begin PBXBuildFile section */
		0126593B2B9AA54900F0715F /* CAFEApp.swift in Sources */ = {isa = PBXBuildFile; fileRef = 0126593A2B9AA54900F0715F /* CAFEApp.swift */; };
		0126593D2B9AA54900F0715F /* ContentView.swift in Sources */ = {isa = PBXBuildFile; fileRef = 0126593C2B9AA54900F0715F /* ContentView.swift */; };
		0126593F2B9AA54A00F0715F /* Assets.xcassets in Resources */ = {isa = PBXBuildFile; fileRef = 0126593E2B9AA54A00F0715F /* Assets.xcassets */; };
		012659422B9AA54A00F0715F /* Preview Assets.xcassets in Resources */ = {isa = PBXBuildFile; fileRef = 012659412B9AA54A00F0715F /* Preview Assets.xcassets */; };
		0126594A2B9AA5A700F0715F /* README.md in Resources */ = {isa = PBXBuildFile; fileRef = 012659492B9AA5A700F0715F /* README.md */; };
		012659682BA25BF400F0715F /* LineView.swift in Sources */ = {isa = PBXBuildFile; fileRef = 012659672BA25BF400F0715F /* LineView.swift */; };
		0126596A2BA25E7F00F0715F /* LineViewModel.swift in Sources */ = {isa = PBXBuildFile; fileRef = 012659692BA25E7F00F0715F /* LineViewModel.swift */; };
		0126596C2BA25F4A00F0715F /* LineLexer.swift in Sources */ = {isa = PBXBuildFile; fileRef = 0126596B2BA25F4A00F0715F /* LineLexer.swift */; };
		0126597A2BA29D8800F0715F /* CAFETests.swift in Sources */ = {isa = PBXBuildFile; fileRef = 012659792BA29D8800F0715F /* CAFETests.swift */; };
		012659832BA383DF00F0715F /* LineParser.swift in Sources */ = {isa = PBXBuildFile; fileRef = 012659822BA383DF00F0715F /* LineParser.swift */; };
		012659852BA38C5000F0715F /* Block.swift in Sources */ = {isa = PBXBuildFile; fileRef = 012659842BA38C5000F0715F /* Block.swift */; };
		012659872BA3926500F0715F /* Token.swift in Sources */ = {isa = PBXBuildFile; fileRef = 012659862BA3926500F0715F /* Token.swift */; };
/* End PBXBuildFile section */

/* Begin PBXContainerItemProxy section */
		0126597B2BA29D8800F0715F /* PBXContainerItemProxy */ = {
			isa = PBXContainerItemProxy;
			containerPortal = 0126592F2B9AA54900F0715F /* Project object */;
			proxyType = 1;
			remoteGlobalIDString = 012659362B9AA54900F0715F;
			remoteInfo = CAFE;
		};
/* End PBXContainerItemProxy section */

/* Begin PBXFileReference section */
		012659372B9AA54900F0715F /* CAFE.app */ = {isa = PBXFileReference; explicitFileType = wrapper.application; includeInIndex = 0; path = CAFE.app; sourceTree = BUILT_PRODUCTS_DIR; };
		0126593A2B9AA54900F0715F /* CAFEApp.swift */ = {isa = PBXFileReference; lastKnownFileType = sourcecode.swift; path = CAFEApp.swift; sourceTree = "<group>"; };
		0126593C2B9AA54900F0715F /* ContentView.swift */ = {isa = PBXFileReference; lastKnownFileType = sourcecode.swift; path = ContentView.swift; sourceTree = "<group>"; };
		0126593E2B9AA54A00F0715F /* Assets.xcassets */ = {isa = PBXFileReference; lastKnownFileType = folder.assetcatalog; path = Assets.xcassets; sourceTree = "<group>"; };
		012659412B9AA54A00F0715F /* Preview Assets.xcassets */ = {isa = PBXFileReference; lastKnownFileType = folder.assetcatalog; path = "Preview Assets.xcassets"; sourceTree = "<group>"; };
		012659432B9AA54A00F0715F /* CAFE.entitlements */ = {isa = PBXFileReference; lastKnownFileType = text.plist.entitlements; path = CAFE.entitlements; sourceTree = "<group>"; };
		012659492B9AA5A700F0715F /* README.md */ = {isa = PBXFileReference; lastKnownFileType = net.daringfireball.markdown; path = README.md; sourceTree = "<group>"; };
		0126594B2B9B414F00F0715F /* SwiftNotes.md */ = {isa = PBXFileReference; lastKnownFileType = net.daringfireball.markdown; path = SwiftNotes.md; sourceTree = "<group>"; };
		012659672BA25BF400F0715F /* LineView.swift */ = {isa = PBXFileReference; lastKnownFileType = sourcecode.swift; path = LineView.swift; sourceTree = "<group>"; };
		012659692BA25E7F00F0715F /* LineViewModel.swift */ = {isa = PBXFileReference; lastKnownFileType = sourcecode.swift; path = LineViewModel.swift; sourceTree = "<group>"; };
		0126596B2BA25F4A00F0715F /* LineLexer.swift */ = {isa = PBXFileReference; lastKnownFileType = sourcecode.swift; path = LineLexer.swift; sourceTree = "<group>"; };
		0126596E2BA2630B00F0715F /* AppNotes.md */ = {isa = PBXFileReference; lastKnownFileType = net.daringfireball.markdown; path = AppNotes.md; sourceTree = "<group>"; };
		012659772BA29D8800F0715F /* CAFETests.xctest */ = {isa = PBXFileReference; explicitFileType = wrapper.cfbundle; includeInIndex = 0; path = CAFETests.xctest; sourceTree = BUILT_PRODUCTS_DIR; };
		012659792BA29D8800F0715F /* CAFETests.swift */ = {isa = PBXFileReference; lastKnownFileType = sourcecode.swift; path = CAFETests.swift; sourceTree = "<group>"; };
		012659822BA383DF00F0715F /* LineParser.swift */ = {isa = PBXFileReference; lastKnownFileType = sourcecode.swift; path = LineParser.swift; sourceTree = "<group>"; };
		012659842BA38C5000F0715F /* Block.swift */ = {isa = PBXFileReference; lastKnownFileType = sourcecode.swift; path = Block.swift; sourceTree = "<group>"; };
		012659862BA3926500F0715F /* Token.swift */ = {isa = PBXFileReference; lastKnownFileType = sourcecode.swift; path = Token.swift; sourceTree = "<group>"; };
/* End PBXFileReference section */

/* Begin PBXFrameworksBuildPhase section */
		012659342B9AA54900F0715F /* Frameworks */ = {
			isa = PBXFrameworksBuildPhase;
			buildActionMask = 2147483647;
			files = (
			);
			runOnlyForDeploymentPostprocessing = 0;
		};
		012659742BA29D8800F0715F /* Frameworks */ = {
			isa = PBXFrameworksBuildPhase;
			buildActionMask = 2147483647;
			files = (
			);
			runOnlyForDeploymentPostprocessing = 0;
		};
/* End PBXFrameworksBuildPhase section */

/* Begin PBXGroup section */
		0126592E2B9AA54900F0715F = {
			isa = PBXGroup;
			children = (
				0126596E2BA2630B00F0715F /* AppNotes.md */,
				012659492B9AA5A700F0715F /* README.md */,
				0126594B2B9B414F00F0715F /* SwiftNotes.md */,
				012659392B9AA54900F0715F /* CAFE */,
				012659782BA29D8800F0715F /* CAFETests */,
				012659382B9AA54900F0715F /* Products */,
			);
			sourceTree = "<group>";
		};
		012659382B9AA54900F0715F /* Products */ = {
			isa = PBXGroup;
			children = (
				012659372B9AA54900F0715F /* CAFE.app */,
				012659772BA29D8800F0715F /* CAFETests.xctest */,
			);
			name = Products;
			sourceTree = "<group>";
		};
		012659392B9AA54900F0715F /* CAFE */ = {
			isa = PBXGroup;
			children = (
				0126593A2B9AA54900F0715F /* CAFEApp.swift */,
				0126593C2B9AA54900F0715F /* ContentView.swift */,
				012659672BA25BF400F0715F /* LineView.swift */,
				012659692BA25E7F00F0715F /* LineViewModel.swift */,
				012659822BA383DF00F0715F /* LineParser.swift */,
				012659842BA38C5000F0715F /* Block.swift */,
				0126596B2BA25F4A00F0715F /* LineLexer.swift */,
				012659862BA3926500F0715F /* Token.swift */,
				0126593E2B9AA54A00F0715F /* Assets.xcassets */,
				012659432B9AA54A00F0715F /* CAFE.entitlements */,
				012659402B9AA54A00F0715F /* Preview Content */,
			);
			path = CAFE;
			sourceTree = "<group>";
		};
		012659402B9AA54A00F0715F /* Preview Content */ = {
			isa = PBXGroup;
			children = (
				012659412B9AA54A00F0715F /* Preview Assets.xcassets */,
			);
			path = "Preview Content";
			sourceTree = "<group>";
		};
		012659782BA29D8800F0715F /* CAFETests */ = {
			isa = PBXGroup;
			children = (
				012659792BA29D8800F0715F /* CAFETests.swift */,
			);
			path = CAFETests;
			sourceTree = "<group>";
		};
/* End PBXGroup section */

/* Begin PBXNativeTarget section */
		012659362B9AA54900F0715F /* CAFE */ = {
			isa = PBXNativeTarget;
			buildConfigurationList = 012659462B9AA54A00F0715F /* Build configuration list for PBXNativeTarget "CAFE" */;
			buildPhases = (
				012659332B9AA54900F0715F /* Sources */,
				012659342B9AA54900F0715F /* Frameworks */,
				012659352B9AA54900F0715F /* Resources */,
			);
			buildRules = (
			);
			dependencies = (
			);
			name = CAFE;
			productName = CAFE;
			productReference = 012659372B9AA54900F0715F /* CAFE.app */;
			productType = "com.apple.product-type.application";
		};
		012659762BA29D8800F0715F /* CAFETests */ = {
			isa = PBXNativeTarget;
			buildConfigurationList = 0126597D2BA29D8800F0715F /* Build configuration list for PBXNativeTarget "CAFETests" */;
			buildPhases = (
				012659732BA29D8800F0715F /* Sources */,
				012659742BA29D8800F0715F /* Frameworks */,
				012659752BA29D8800F0715F /* Resources */,
			);
			buildRules = (
			);
			dependencies = (
				0126597C2BA29D8800F0715F /* PBXTargetDependency */,
			);
			name = CAFETests;
			productName = CAFETests;
			productReference = 012659772BA29D8800F0715F /* CAFETests.xctest */;
			productType = "com.apple.product-type.bundle.unit-test";
		};
/* End PBXNativeTarget section */

/* Begin PBXProject section */
		0126592F2B9AA54900F0715F /* Project object */ = {
			isa = PBXProject;
			attributes = {
				BuildIndependentTargetsInParallel = 1;
				LastSwiftUpdateCheck = 1530;
				LastUpgradeCheck = 1530;
				TargetAttributes = {
					012659362B9AA54900F0715F = {
						CreatedOnToolsVersion = 15.3;
					};
					012659762BA29D8800F0715F = {
						CreatedOnToolsVersion = 15.3;
						TestTargetID = 012659362B9AA54900F0715F;
					};
				};
			};
			buildConfigurationList = 012659322B9AA54900F0715F /* Build configuration list for PBXProject "CAFE" */;
			compatibilityVersion = "Xcode 15.3";
			developmentRegion = en;
			hasScannedForEncodings = 0;
			knownRegions = (
				en,
				Base,
			);
			mainGroup = 0126592E2B9AA54900F0715F;
			productRefGroup = 012659382B9AA54900F0715F /* Products */;
			projectDirPath = "";
			projectRoot = "";
			targets = (
				012659362B9AA54900F0715F /* CAFE */,
				012659762BA29D8800F0715F /* CAFETests */,
			);
		};
/* End PBXProject section */

/* Begin PBXResourcesBuildPhase section */
		012659352B9AA54900F0715F /* Resources */ = {
			isa = PBXResourcesBuildPhase;
			buildActionMask = 2147483647;
			files = (
				0126594A2B9AA5A700F0715F /* README.md in Resources */,
				012659422B9AA54A00F0715F /* Preview Assets.xcassets in Resources */,
				0126593F2B9AA54A00F0715F /* Assets.xcassets in Resources */,
			);
			runOnlyForDeploymentPostprocessing = 0;
		};
		012659752BA29D8800F0715F /* Resources */ = {
			isa = PBXResourcesBuildPhase;
			buildActionMask = 2147483647;
			files = (
			);
			runOnlyForDeploymentPostprocessing = 0;
		};
/* End PBXResourcesBuildPhase section */

/* Begin PBXSourcesBuildPhase section */
		012659332B9AA54900F0715F /* Sources */ = {
			isa = PBXSourcesBuildPhase;
			buildActionMask = 2147483647;
			files = (
				0126596C2BA25F4A00F0715F /* LineLexer.swift in Sources */,
				012659852BA38C5000F0715F /* Block.swift in Sources */,
				0126593D2B9AA54900F0715F /* ContentView.swift in Sources */,
				0126593B2B9AA54900F0715F /* CAFEApp.swift in Sources */,
				012659832BA383DF00F0715F /* LineParser.swift in Sources */,
				0126596A2BA25E7F00F0715F /* LineViewModel.swift in Sources */,
				012659682BA25BF400F0715F /* LineView.swift in Sources */,
				012659872BA3926500F0715F /* Token.swift in Sources */,
			);
			runOnlyForDeploymentPostprocessing = 0;
		};
		012659732BA29D8800F0715F /* Sources */ = {
			isa = PBXSourcesBuildPhase;
			buildActionMask = 2147483647;
			files = (
				0126597A2BA29D8800F0715F /* CAFETests.swift in Sources */,
			);
			runOnlyForDeploymentPostprocessing = 0;
		};
/* End PBXSourcesBuildPhase section */

/* Begin PBXTargetDependency section */
		0126597C2BA29D8800F0715F /* PBXTargetDependency */ = {
			isa = PBXTargetDependency;
			target = 012659362B9AA54900F0715F /* CAFE */;
			targetProxy = 0126597B2BA29D8800F0715F /* PBXContainerItemProxy */;
		};
/* End PBXTargetDependency section */

/* Begin XCBuildConfiguration section */
		012659442B9AA54A00F0715F /* Debug */ = {
			isa = XCBuildConfiguration;
			buildSettings = {
				ALWAYS_SEARCH_USER_PATHS = NO;
				ASSETCATALOG_COMPILER_GENERATE_SWIFT_ASSET_SYMBOL_EXTENSIONS = YES;
				CLANG_ANALYZER_NONNULL = YES;
				CLANG_ANALYZER_NUMBER_OBJECT_CONVERSION = YES_AGGRESSIVE;
				CLANG_CXX_LANGUAGE_STANDARD = "gnu++20";
				CLANG_ENABLE_MODULES = YES;
				CLANG_ENABLE_OBJC_ARC = YES;
				CLANG_ENABLE_OBJC_WEAK = YES;
				CLANG_WARN_BLOCK_CAPTURE_AUTORELEASING = YES;
				CLANG_WARN_BOOL_CONVERSION = YES;
				CLANG_WARN_COMMA = YES;
				CLANG_WARN_CONSTANT_CONVERSION = YES;
				CLANG_WARN_DEPRECATED_OBJC_IMPLEMENTATIONS = YES;
				CLANG_WARN_DIRECT_OBJC_ISA_USAGE = YES_ERROR;
				CLANG_WARN_DOCUMENTATION_COMMENTS = YES;
				CLANG_WARN_EMPTY_BODY = YES;
				CLANG_WARN_ENUM_CONVERSION = YES;
				CLANG_WARN_INFINITE_RECURSION = YES;
				CLANG_WARN_INT_CONVERSION = YES;
				CLANG_WARN_NON_LITERAL_NULL_CONVERSION = YES;
				CLANG_WARN_OBJC_IMPLICIT_RETAIN_SELF = YES;
				CLANG_WARN_OBJC_LITERAL_CONVERSION = YES;
				CLANG_WARN_OBJC_ROOT_CLASS = YES_ERROR;
				CLANG_WARN_QUOTED_INCLUDE_IN_FRAMEWORK_HEADER = YES;
				CLANG_WARN_RANGE_LOOP_ANALYSIS = YES;
				CLANG_WARN_STRICT_PROTOTYPES = YES;
				CLANG_WARN_SUSPICIOUS_MOVE = YES;
				CLANG_WARN_UNGUARDED_AVAILABILITY = YES_AGGRESSIVE;
				CLANG_WARN_UNREACHABLE_CODE = YES;
				CLANG_WARN__DUPLICATE_METHOD_MATCH = YES;
				COPY_PHASE_STRIP = NO;
				DEBUG_INFORMATION_FORMAT = dwarf;
				ENABLE_STRICT_OBJC_MSGSEND = YES;
				ENABLE_TESTABILITY = YES;
				ENABLE_USER_SCRIPT_SANDBOXING = YES;
				GCC_C_LANGUAGE_STANDARD = gnu17;
				GCC_DYNAMIC_NO_PIC = NO;
				GCC_NO_COMMON_BLOCKS = YES;
				GCC_OPTIMIZATION_LEVEL = 0;
				GCC_PREPROCESSOR_DEFINITIONS = (
					"DEBUG=1",
					"$(inherited)",
				);
				GCC_WARN_64_TO_32_BIT_CONVERSION = YES;
				GCC_WARN_ABOUT_RETURN_TYPE = YES_ERROR;
				GCC_WARN_UNDECLARED_SELECTOR = YES;
				GCC_WARN_UNINITIALIZED_AUTOS = YES_AGGRESSIVE;
				GCC_WARN_UNUSED_FUNCTION = YES;
				GCC_WARN_UNUSED_VARIABLE = YES;
				LOCALIZATION_PREFERS_STRING_CATALOGS = YES;
				MACOSX_DEPLOYMENT_TARGET = 14.3;
				MTL_ENABLE_DEBUG_INFO = INCLUDE_SOURCE;
				MTL_FAST_MATH = YES;
				ONLY_ACTIVE_ARCH = YES;
				SDKROOT = macosx;
				SWIFT_ACTIVE_COMPILATION_CONDITIONS = "DEBUG $(inherited)";
				SWIFT_OPTIMIZATION_LEVEL = "-Onone";
			};
			name = Debug;
		};
		012659452B9AA54A00F0715F /* Release */ = {
			isa = XCBuildConfiguration;
			buildSettings = {
				ALWAYS_SEARCH_USER_PATHS = NO;
				ASSETCATALOG_COMPILER_GENERATE_SWIFT_ASSET_SYMBOL_EXTENSIONS = YES;
				CLANG_ANALYZER_NONNULL = YES;
				CLANG_ANALYZER_NUMBER_OBJECT_CONVERSION = YES_AGGRESSIVE;
				CLANG_CXX_LANGUAGE_STANDARD = "gnu++20";
				CLANG_ENABLE_MODULES = YES;
				CLANG_ENABLE_OBJC_ARC = YES;
				CLANG_ENABLE_OBJC_WEAK = YES;
				CLANG_WARN_BLOCK_CAPTURE_AUTORELEASING = YES;
				CLANG_WARN_BOOL_CONVERSION = YES;
				CLANG_WARN_COMMA = YES;
				CLANG_WARN_CONSTANT_CONVERSION = YES;
				CLANG_WARN_DEPRECATED_OBJC_IMPLEMENTATIONS = YES;
				CLANG_WARN_DIRECT_OBJC_ISA_USAGE = YES_ERROR;
				CLANG_WARN_DOCUMENTATION_COMMENTS = YES;
				CLANG_WARN_EMPTY_BODY = YES;
				CLANG_WARN_ENUM_CONVERSION = YES;
				CLANG_WARN_INFINITE_RECURSION = YES;
				CLANG_WARN_INT_CONVERSION = YES;
				CLANG_WARN_NON_LITERAL_NULL_CONVERSION = YES;
				CLANG_WARN_OBJC_IMPLICIT_RETAIN_SELF = YES;
				CLANG_WARN_OBJC_LITERAL_CONVERSION = YES;
				CLANG_WARN_OBJC_ROOT_CLASS = YES_ERROR;
				CLANG_WARN_QUOTED_INCLUDE_IN_FRAMEWORK_HEADER = YES;
				CLANG_WARN_RANGE_LOOP_ANALYSIS = YES;
				CLANG_WARN_STRICT_PROTOTYPES = YES;
				CLANG_WARN_SUSPICIOUS_MOVE = YES;
				CLANG_WARN_UNGUARDED_AVAILABILITY = YES_AGGRESSIVE;
				CLANG_WARN_UNREACHABLE_CODE = YES;
				CLANG_WARN__DUPLICATE_METHOD_MATCH = YES;
				COPY_PHASE_STRIP = NO;
				DEBUG_INFORMATION_FORMAT = "dwarf-with-dsym";
				ENABLE_NS_ASSERTIONS = NO;
				ENABLE_STRICT_OBJC_MSGSEND = YES;
				ENABLE_USER_SCRIPT_SANDBOXING = YES;
				GCC_C_LANGUAGE_STANDARD = gnu17;
				GCC_NO_COMMON_BLOCKS = YES;
				GCC_WARN_64_TO_32_BIT_CONVERSION = YES;
				GCC_WARN_ABOUT_RETURN_TYPE = YES_ERROR;
				GCC_WARN_UNDECLARED_SELECTOR = YES;
				GCC_WARN_UNINITIALIZED_AUTOS = YES_AGGRESSIVE;
				GCC_WARN_UNUSED_FUNCTION = YES;
				GCC_WARN_UNUSED_VARIABLE = YES;
				LOCALIZATION_PREFERS_STRING_CATALOGS = YES;
				MACOSX_DEPLOYMENT_TARGET = 14.3;
				MTL_ENABLE_DEBUG_INFO = NO;
				MTL_FAST_MATH = YES;
				SDKROOT = macosx;
				SWIFT_COMPILATION_MODE = wholemodule;
			};
			name = Release;
		};
		012659472B9AA54A00F0715F /* Debug */ = {
			isa = XCBuildConfiguration;
			buildSettings = {
				ASSETCATALOG_COMPILER_APPICON_NAME = AppIcon;
				ASSETCATALOG_COMPILER_GLOBAL_ACCENT_COLOR_NAME = AccentColor;
				CODE_SIGN_ENTITLEMENTS = CAFE/CAFE.entitlements;
				CODE_SIGN_STYLE = Automatic;
				COMBINE_HIDPI_IMAGES = YES;
				CURRENT_PROJECT_VERSION = 1;
				DEVELOPMENT_ASSET_PATHS = "\"CAFE/Preview Content\"";
				DEVELOPMENT_TEAM = BDGN276XGB;
				ENABLE_HARDENED_RUNTIME = YES;
				ENABLE_PREVIEWS = YES;
				GENERATE_INFOPLIST_FILE = YES;
				INFOPLIST_KEY_NSHumanReadableCopyright = "";
				LD_RUNPATH_SEARCH_PATHS = (
					"$(inherited)",
					"@executable_path/../Frameworks",
				);
				MARKETING_VERSION = 1.0;
				PRODUCT_BUNDLE_IDENTIFIER = AlyAshour.CAFE;
				PRODUCT_NAME = "$(TARGET_NAME)";
				SWIFT_EMIT_LOC_STRINGS = YES;
				SWIFT_VERSION = 5.0;
			};
			name = Debug;
		};
		012659482B9AA54A00F0715F /* Release */ = {
			isa = XCBuildConfiguration;
			buildSettings = {
				ASSETCATALOG_COMPILER_APPICON_NAME = AppIcon;
				ASSETCATALOG_COMPILER_GLOBAL_ACCENT_COLOR_NAME = AccentColor;
				CODE_SIGN_ENTITLEMENTS = CAFE/CAFE.entitlements;
				CODE_SIGN_STYLE = Automatic;
				COMBINE_HIDPI_IMAGES = YES;
				CURRENT_PROJECT_VERSION = 1;
				DEVELOPMENT_ASSET_PATHS = "\"CAFE/Preview Content\"";
				DEVELOPMENT_TEAM = BDGN276XGB;
				ENABLE_HARDENED_RUNTIME = YES;
				ENABLE_PREVIEWS = YES;
				GENERATE_INFOPLIST_FILE = YES;
				INFOPLIST_KEY_NSHumanReadableCopyright = "";
				LD_RUNPATH_SEARCH_PATHS = (
					"$(inherited)",
					"@executable_path/../Frameworks",
				);
				MARKETING_VERSION = 1.0;
				PRODUCT_BUNDLE_IDENTIFIER = AlyAshour.CAFE;
				PRODUCT_NAME = "$(TARGET_NAME)";
				SWIFT_EMIT_LOC_STRINGS = YES;
				SWIFT_VERSION = 5.0;
			};
			name = Release;
		};
		0126597E2BA29D8800F0715F /* Debug */ = {
			isa = XCBuildConfiguration;
			buildSettings = {
				BUNDLE_LOADER = "$(TEST_HOST)";
				CODE_SIGN_STYLE = Automatic;
				CURRENT_PROJECT_VERSION = 1;
				DEVELOPMENT_TEAM = BDGN276XGB;
				GENERATE_INFOPLIST_FILE = YES;
				MARKETING_VERSION = 1.0;
				PRODUCT_BUNDLE_IDENTIFIER = AlyAshour.CAFETests;
				PRODUCT_NAME = "$(TARGET_NAME)";
				SWIFT_EMIT_LOC_STRINGS = NO;
				SWIFT_VERSION = 5.0;
				TEST_HOST = "$(BUILT_PRODUCTS_DIR)/CAFE.app/$(BUNDLE_EXECUTABLE_FOLDER_PATH)/CAFE";
			};
			name = Debug;
		};
		0126597F2BA29D8800F0715F /* Release */ = {
			isa = XCBuildConfiguration;
			buildSettings = {
				BUNDLE_LOADER = "$(TEST_HOST)";
				CODE_SIGN_STYLE = Automatic;
				CURRENT_PROJECT_VERSION = 1;
				DEVELOPMENT_TEAM = BDGN276XGB;
				GENERATE_INFOPLIST_FILE = YES;
				MARKETING_VERSION = 1.0;
				PRODUCT_BUNDLE_IDENTIFIER = AlyAshour.CAFETests;
				PRODUCT_NAME = "$(TARGET_NAME)";
				SWIFT_EMIT_LOC_STRINGS = NO;
				SWIFT_VERSION = 5.0;
				TEST_HOST = "$(BUILT_PRODUCTS_DIR)/CAFE.app/$(BUNDLE_EXECUTABLE_FOLDER_PATH)/CAFE";
			};
			name = Release;
		};
/* End XCBuildConfiguration section */

/* Begin XCConfigurationList section */
		012659322B9AA54900F0715F /* Build configuration list for PBXProject "CAFE" */ = {
			isa = XCConfigurationList;
			buildConfigurations = (
				012659442B9AA54A00F0715F /* Debug */,
				012659452B9AA54A00F0715F /* Release */,
			);
			defaultConfigurationIsVisible = 0;
			defaultConfigurationName = Release;
		};
		012659462B9AA54A00F0715F /* Build configuration list for PBXNativeTarget "CAFE" */ = {
			isa = XCConfigurationList;
			buildConfigurations = (
				012659472B9AA54A00F0715F /* Debug */,
				012659482B9AA54A00F0715F /* Release */,
			);
			defaultConfigurationIsVisible = 0;
			defaultConfigurationName = Release;
		};
		0126597D2BA29D8800F0715F /* Build configuration list for PBXNativeTarget "CAFETests" */ = {
			isa = XCConfigurationList;
			buildConfigurations = (
				0126597E2BA29D8800F0715F /* Debug */,
				0126597F2BA29D8800F0715F /* Release */,
			);
			defaultConfigurationIsVisible = 0;
			defaultConfigurationName = Release;
		};
/* End XCConfigurationList section */
	};
	rootObject = 0126592F2B9AA54900F0715F /* Project object */;
}
